Microsoft Visual Studio Solution File, Format Version 12.00
# Visual Studio Version 16
VisualStudioVersion = 16.0.29920.165
MinimumVisualStudioVersion = 10.0.40219.1
Project("{2150E333-8FDC-42A3-9474-1A3956D46DE8}") = "src", "src", "{2CB05891-BC8B-48E7-B83E-7FE711B686A5}"
EndProject
Project("{9A19103F-16F7-4668-BE54-9A1E7A4F7556}") = "Microsoft.BotFramework.CustomAction.MsGraph", "..\..\..\..\components\MsGraph\Microsoft.BotFramework.CustomAction.MsGraph.csproj", "{8C79857F-DC75-47C4-9EBF-CA375652540D}"
EndProject
Project("{9A19103F-16F7-4668-BE54-9A1E7A4F7556}") = "Microsoft.BotFramework.Composer.CustomAction", "src\CustomAction\Microsoft.BotFramework.Composer.CustomAction.csproj", "{A835A003-CA15-4A76-B51D-C198FE01ED04}"
EndProject
Project("{9A19103F-16F7-4668-BE54-9A1E7A4F7556}") = "CalendarSkill", "src\CalendarSkill\CalendarSkill.csproj", "{B0E12651-D1B9-4FAF-98D3-BC2EE2ADB3F1}"
EndProject
Global
	GlobalSection(SolutionConfigurationPlatforms) = preSolution
		Debug|Any CPU = Debug|Any CPU
		Release|Any CPU = Release|Any CPU
	EndGlobalSection
	GlobalSection(ProjectConfigurationPlatforms) = postSolution
		{8C79857F-DC75-47C4-9EBF-CA375652540D}.Debug|Any CPU.ActiveCfg = Debug|Any CPU
		{8C79857F-DC75-47C4-9EBF-CA375652540D}.Debug|Any CPU.Build.0 = Debug|Any CPU
		{8C79857F-DC75-47C4-9EBF-CA375652540D}.Release|Any CPU.ActiveCfg = Release|Any CPU
		{8C79857F-DC75-47C4-9EBF-CA375652540D}.Release|Any CPU.Build.0 = Release|Any CPU
		{A835A003-CA15-4A76-B51D-C198FE01ED04}.Debug|Any CPU.ActiveCfg = Debug|Any CPU
		{A835A003-CA15-4A76-B51D-C198FE01ED04}.Debug|Any CPU.Build.0 = Debug|Any CPU
		{A835A003-CA15-4A76-B51D-C198FE01ED04}.Release|Any CPU.ActiveCfg = Release|Any CPU
		{A835A003-CA15-4A76-B51D-C198FE01ED04}.Release|Any CPU.Build.0 = Release|Any CPU
		{B0E12651-D1B9-4FAF-98D3-BC2EE2ADB3F1}.Debug|Any CPU.ActiveCfg = Debug|Any CPU
		{B0E12651-D1B9-4FAF-98D3-BC2EE2ADB3F1}.Debug|Any CPU.Build.0 = Debug|Any CPU
		{B0E12651-D1B9-4FAF-98D3-BC2EE2ADB3F1}.Release|Any CPU.ActiveCfg = Release|Any CPU
		{B0E12651-D1B9-4FAF-98D3-BC2EE2ADB3F1}.Release|Any CPU.Build.0 = Release|Any CPU
	EndGlobalSection
	GlobalSection(SolutionProperties) = preSolution
		HideSolutionNode = FALSE
	EndGlobalSection
	GlobalSection(NestedProjects) = preSolution
		{8C79857F-DC75-47C4-9EBF-CA375652540D} = {2CB05891-BC8B-48E7-B83E-7FE711B686A5}
		{A835A003-CA15-4A76-B51D-C198FE01ED04} = {2CB05891-BC8B-48E7-B83E-7FE711B686A5}
		{B0E12651-D1B9-4FAF-98D3-BC2EE2ADB3F1} = {2CB05891-BC8B-48E7-B83E-7FE711B686A5}
	EndGlobalSection
	GlobalSection(ExtensibilityGlobals) = postSolution
		SolutionGuid = {3ABD55CC-193F-459C-83F3-6EBDDAC8B666}
	EndGlobalSection
EndGlobal
